
Microsoft Visual Studio Solution File, Format Version 12.00
# Visual Studio Version 17
VisualStudioVersion = 17.7.34221.43
MinimumVisualStudioVersion = 10.0.40219.1
Project("{FAE04EC0-301F-11D3-BF4B-00C04F79EFBC}") = "MarketCar", "MarketCar\MarketCar.csproj", "{D6982AF3-13B5-499A-9F45-33DD12DB8809}"
EndProject
Global
	GlobalSection(SolutionConfigurationPlatforms) = preSolution
		Debug|Any CPU = Debug|Any CPU
		Release|Any CPU = Release|Any CPU
	EndGlobalSection
	GlobalSection(ProjectConfigurationPlatforms) = postSolution
		{D6982AF3-13B5-499A-9F45-33DD12DB8809}.Debug|Any CPU.ActiveCfg = Debug|Any CPU
		{D6982AF3-13B5-499A-9F45-33DD12DB8809}.Debug|Any CPU.Build.0 = Debug|Any CPU
		{D6982AF3-13B5-499A-9F45-33DD12DB8809}.Release|Any CPU.ActiveCfg = Release|Any CPU
		{D6982AF3-13B5-499A-9F45-33DD12DB8809}.Release|Any CPU.Build.0 = Release|Any CPU
	EndGlobalSection
	GlobalSection(SolutionProperties) = preSolution
		HideSolutionNode = FALSE
	EndGlobalSection
	GlobalSection(ExtensibilityGlobals) = postSolution
		SolutionGuid = {F7E9000B-0D80-4405-8CC9-71F8D0797E45}
	EndGlobalSection
EndGlobal
